
Microsoft Visual Studio Solution File, Format Version 12.00
# Visual Studio Version 16
VisualStudioVersion = 16.0.29411.108
MinimumVisualStudioVersion = 10.0.40219.1
Project("{FAE04EC0-301F-11D3-BF4B-00C04F79EFBC}") = "ContosoUniversity", "..\ContosoUniversity\ContosoUniversity.csproj", "{2D7F0BB5-6CC2-4B92-BF20-69D188DD3367}"
EndProject
Global
	GlobalSection(SolutionConfigurationPlatforms) = preSolution
		Debug|Any CPU = Debug|Any CPU
		Release|Any CPU = Release|Any CPU
	EndGlobalSection
	GlobalSection(ProjectConfigurationPlatforms) = postSolution
		{2D7F0BB5-6CC2-4B92-BF20-69D188DD3367}.Debug|Any CPU.ActiveCfg = Debug|Any CPU
		{2D7F0BB5-6CC2-4B92-BF20-69D188DD3367}.Debug|Any CPU.Build.0 = Debug|Any CPU
		{2D7F0BB5-6CC2-4B92-BF20-69D188DD3367}.Release|Any CPU.ActiveCfg = Release|Any CPU
		{2D7F0BB5-6CC2-4B92-BF20-69D188DD3367}.Release|Any CPU.Build.0 = Release|Any CPU
	EndGlobalSection
	GlobalSection(SolutionProperties) = preSolution
		HideSolutionNode = FALSE
	EndGlobalSection
	GlobalSection(ExtensibilityGlobals) = postSolution
		SolutionGuid = {3C00F742-13E3-479B-B91D-DF95B5AFD614}
	EndGlobalSection
EndGlobal
