
Microsoft Visual Studio Solution File, Format Version 12.00
# Visual Studio Version 16
VisualStudioVersion = 16.0.29230.47
MinimumVisualStudioVersion = 10.0.40219.1
Project("{9A19103F-16F7-4668-BE54-9A1E7A4F7556}") = "运算符", "Csharp高级编程第七章到第八章部分\运算符.csproj", "{FA0538CE-4BD0-4203-B407-69EFB1D3E0F3}"
EndProject
Project("{9A19103F-16F7-4668-BE54-9A1E7A4F7556}") = "运算符重载", "运算符重载\运算符重载.csproj", "{049A04EC-8F5C-48E0-9CB3-763F50665A84}"
EndProject
Project("{9A19103F-16F7-4668-BE54-9A1E7A4F7556}") = "用户定义的类型强制转换", "用户定义的类型强制转换\用户定义的类型强制转换.csproj", "{80F7BD54-DC84-4A22-A906-BD6E37DCE792}"
EndProject
Project("{9A19103F-16F7-4668-BE54-9A1E7A4F7556}") = "委托", "委托\委托.csproj", "{EA1DC2BC-FF7B-4C58-A62E-0B367BE02035}"
EndProject
Project("{FAE04EC0-301F-11D3-BF4B-00C04F79EFBC}") = "BubbleSorter", "BubbleSorter\BubbleSorter.csproj", "{61D860E6-33DC-47C4-A031-F890F53CAE19}"
EndProject
Project("{FAE04EC0-301F-11D3-BF4B-00C04F79EFBC}") = "多播委托", "多播委托\多播委托.csproj", "{F40956EC-5815-4C45-96DC-C89189152A92}"
EndProject
Project("{FAE04EC0-301F-11D3-BF4B-00C04F79EFBC}") = "匿名方法", "匿名方法\匿名方法.csproj", "{2842BD8A-1AF8-4A9D-ABFD-B81453D3CCA2}"
EndProject
Project("{FAE04EC0-301F-11D3-BF4B-00C04F79EFBC}") = "lambda表达式", "lambda表达式\lambda表达式.csproj", "{653C83B1-5815-41CA-8A99-F0813DE6E2A5}"
EndProject
Global
	GlobalSection(SolutionConfigurationPlatforms) = preSolution
		Debug|Any CPU = Debug|Any CPU
		Release|Any CPU = Release|Any CPU
	EndGlobalSection
	GlobalSection(ProjectConfigurationPlatforms) = postSolution
		{FA0538CE-4BD0-4203-B407-69EFB1D3E0F3}.Debug|Any CPU.ActiveCfg = Debug|Any CPU
		{FA0538CE-4BD0-4203-B407-69EFB1D3E0F3}.Debug|Any CPU.Build.0 = Debug|Any CPU
		{FA0538CE-4BD0-4203-B407-69EFB1D3E0F3}.Release|Any CPU.ActiveCfg = Release|Any CPU
		{FA0538CE-4BD0-4203-B407-69EFB1D3E0F3}.Release|Any CPU.Build.0 = Release|Any CPU
		{049A04EC-8F5C-48E0-9CB3-763F50665A84}.Debug|Any CPU.ActiveCfg = Debug|Any CPU
		{049A04EC-8F5C-48E0-9CB3-763F50665A84}.Debug|Any CPU.Build.0 = Debug|Any CPU
		{049A04EC-8F5C-48E0-9CB3-763F50665A84}.Release|Any CPU.ActiveCfg = Release|Any CPU
		{049A04EC-8F5C-48E0-9CB3-763F50665A84}.Release|Any CPU.Build.0 = Release|Any CPU
		{80F7BD54-DC84-4A22-A906-BD6E37DCE792}.Debug|Any CPU.ActiveCfg = Debug|Any CPU
		{80F7BD54-DC84-4A22-A906-BD6E37DCE792}.Debug|Any CPU.Build.0 = Debug|Any CPU
		{80F7BD54-DC84-4A22-A906-BD6E37DCE792}.Release|Any CPU.ActiveCfg = Release|Any CPU
		{80F7BD54-DC84-4A22-A906-BD6E37DCE792}.Release|Any CPU.Build.0 = Release|Any CPU
		{EA1DC2BC-FF7B-4C58-A62E-0B367BE02035}.Debug|Any CPU.ActiveCfg = Debug|Any CPU
		{EA1DC2BC-FF7B-4C58-A62E-0B367BE02035}.Debug|Any CPU.Build.0 = Debug|Any CPU
		{EA1DC2BC-FF7B-4C58-A62E-0B367BE02035}.Release|Any CPU.ActiveCfg = Release|Any CPU
		{EA1DC2BC-FF7B-4C58-A62E-0B367BE02035}.Release|Any CPU.Build.0 = Release|Any CPU
		{61D860E6-33DC-47C4-A031-F890F53CAE19}.Debug|Any CPU.ActiveCfg = Debug|Any CPU
		{61D860E6-33DC-47C4-A031-F890F53CAE19}.Debug|Any CPU.Build.0 = Debug|Any CPU
		{61D860E6-33DC-47C4-A031-F890F53CAE19}.Release|Any CPU.ActiveCfg = Release|Any CPU
		{61D860E6-33DC-47C4-A031-F890F53CAE19}.Release|Any CPU.Build.0 = Release|Any CPU
		{F40956EC-5815-4C45-96DC-C89189152A92}.Debug|Any CPU.ActiveCfg = Debug|Any CPU
		{F40956EC-5815-4C45-96DC-C89189152A92}.Debug|Any CPU.Build.0 = Debug|Any CPU
		{F40956EC-5815-4C45-96DC-C89189152A92}.Release|Any CPU.ActiveCfg = Release|Any CPU
		{F40956EC-5815-4C45-96DC-C89189152A92}.Release|Any CPU.Build.0 = Release|Any CPU
		{2842BD8A-1AF8-4A9D-ABFD-B81453D3CCA2}.Debug|Any CPU.ActiveCfg = Debug|Any CPU
		{2842BD8A-1AF8-4A9D-ABFD-B81453D3CCA2}.Debug|Any CPU.Build.0 = Debug|Any CPU
		{2842BD8A-1AF8-4A9D-ABFD-B81453D3CCA2}.Release|Any CPU.ActiveCfg = Release|Any CPU
		{2842BD8A-1AF8-4A9D-ABFD-B81453D3CCA2}.Release|Any CPU.Build.0 = Release|Any CPU
		{653C83B1-5815-41CA-8A99-F0813DE6E2A5}.Debug|Any CPU.ActiveCfg = Debug|Any CPU
		{653C83B1-5815-41CA-8A99-F0813DE6E2A5}.Debug|Any CPU.Build.0 = Debug|Any CPU
		{653C83B1-5815-41CA-8A99-F0813DE6E2A5}.Release|Any CPU.ActiveCfg = Release|Any CPU
		{653C83B1-5815-41CA-8A99-F0813DE6E2A5}.Release|Any CPU.Build.0 = Release|Any CPU
	EndGlobalSection
	GlobalSection(SolutionProperties) = preSolution
		HideSolutionNode = FALSE
	EndGlobalSection
	GlobalSection(ExtensibilityGlobals) = postSolution
		SolutionGuid = {33CD0879-B235-428F-9A84-38DAB21630DD}
	EndGlobalSection
EndGlobal
