
Microsoft Visual Studio Solution File, Format Version 12.00
# Visual Studio Version 16
VisualStudioVersion = 16.0.29230.47
MinimumVisualStudioVersion = 10.0.40219.1
Project("{9A19103F-16F7-4668-BE54-9A1E7A4F7556}") = "1.1列表和实体", "1.1列表和实体\1.1列表和实体.csproj", "{C14DB881-1E60-454F-A112-89BA201B0C13}"
EndProject
Project("{9A19103F-16F7-4668-BE54-9A1E7A4F7556}") = "1.3扩展方法", "1.3扩展方法\1.3扩展方法.csproj", "{B795290B-3E5E-4A38-9F5D-6C7A1A6B6206}"
EndProject
Project("{9A19103F-16F7-4668-BE54-9A1E7A4F7556}") = "1.4推迟查询", "1.4推迟查询\1.4推迟查询.csproj", "{90C625C1-639C-4175-AEB6-7CAB2BFB3EE2}"
EndProject
Project("{9A19103F-16F7-4668-BE54-9A1E7A4F7556}") = "2.0标准的查询操作符", "2.0标准的查询操作符\2.0标准的查询操作符.csproj", "{162DFAB8-6B19-4384-8B54-661693689026}"
EndProject
Project("{9A19103F-16F7-4668-BE54-9A1E7A4F7556}") = "3.0并行Linq", "并行Linq\3.0并行Linq.csproj", "{F1D6EE50-4D1E-4904-94EA-EA00C9E33853}"
EndProject
Project("{9A19103F-16F7-4668-BE54-9A1E7A4F7556}") = "4.0表达式树", "4.0表达式树\4.0表达式树.csproj", "{5B987D83-EF26-41B4-A69A-1F6919BC58A6}"
EndProject
Project("{FAE04EC0-301F-11D3-BF4B-00C04F79EFBC}") = "12.2.0-dynamic类型", "12.2.0-dynamic类型\12.2.0-dynamic类型.csproj", "{F7D4BBBA-1A57-4A30-A8BD-EAA8947BEE00}"
EndProject
Global
	GlobalSection(SolutionConfigurationPlatforms) = preSolution
		Debug|Any CPU = Debug|Any CPU
		Release|Any CPU = Release|Any CPU
	EndGlobalSection
	GlobalSection(ProjectConfigurationPlatforms) = postSolution
		{C14DB881-1E60-454F-A112-89BA201B0C13}.Debug|Any CPU.ActiveCfg = Debug|Any CPU
		{C14DB881-1E60-454F-A112-89BA201B0C13}.Debug|Any CPU.Build.0 = Debug|Any CPU
		{C14DB881-1E60-454F-A112-89BA201B0C13}.Release|Any CPU.ActiveCfg = Release|Any CPU
		{C14DB881-1E60-454F-A112-89BA201B0C13}.Release|Any CPU.Build.0 = Release|Any CPU
		{B795290B-3E5E-4A38-9F5D-6C7A1A6B6206}.Debug|Any CPU.ActiveCfg = Debug|Any CPU
		{B795290B-3E5E-4A38-9F5D-6C7A1A6B6206}.Debug|Any CPU.Build.0 = Debug|Any CPU
		{B795290B-3E5E-4A38-9F5D-6C7A1A6B6206}.Release|Any CPU.ActiveCfg = Release|Any CPU
		{B795290B-3E5E-4A38-9F5D-6C7A1A6B6206}.Release|Any CPU.Build.0 = Release|Any CPU
		{90C625C1-639C-4175-AEB6-7CAB2BFB3EE2}.Debug|Any CPU.ActiveCfg = Debug|Any CPU
		{90C625C1-639C-4175-AEB6-7CAB2BFB3EE2}.Debug|Any CPU.Build.0 = Debug|Any CPU
		{90C625C1-639C-4175-AEB6-7CAB2BFB3EE2}.Release|Any CPU.ActiveCfg = Release|Any CPU
		{90C625C1-639C-4175-AEB6-7CAB2BFB3EE2}.Release|Any CPU.Build.0 = Release|Any CPU
		{162DFAB8-6B19-4384-8B54-661693689026}.Debug|Any CPU.ActiveCfg = Debug|Any CPU
		{162DFAB8-6B19-4384-8B54-661693689026}.Debug|Any CPU.Build.0 = Debug|Any CPU
		{162DFAB8-6B19-4384-8B54-661693689026}.Release|Any CPU.ActiveCfg = Release|Any CPU
		{162DFAB8-6B19-4384-8B54-661693689026}.Release|Any CPU.Build.0 = Release|Any CPU
		{F1D6EE50-4D1E-4904-94EA-EA00C9E33853}.Debug|Any CPU.ActiveCfg = Debug|Any CPU
		{F1D6EE50-4D1E-4904-94EA-EA00C9E33853}.Debug|Any CPU.Build.0 = Debug|Any CPU
		{F1D6EE50-4D1E-4904-94EA-EA00C9E33853}.Release|Any CPU.ActiveCfg = Release|Any CPU
		{F1D6EE50-4D1E-4904-94EA-EA00C9E33853}.Release|Any CPU.Build.0 = Release|Any CPU
		{5B987D83-EF26-41B4-A69A-1F6919BC58A6}.Debug|Any CPU.ActiveCfg = Debug|Any CPU
		{5B987D83-EF26-41B4-A69A-1F6919BC58A6}.Debug|Any CPU.Build.0 = Debug|Any CPU
		{5B987D83-EF26-41B4-A69A-1F6919BC58A6}.Release|Any CPU.ActiveCfg = Release|Any CPU
		{5B987D83-EF26-41B4-A69A-1F6919BC58A6}.Release|Any CPU.Build.0 = Release|Any CPU
		{F7D4BBBA-1A57-4A30-A8BD-EAA8947BEE00}.Debug|Any CPU.ActiveCfg = Debug|Any CPU
		{F7D4BBBA-1A57-4A30-A8BD-EAA8947BEE00}.Debug|Any CPU.Build.0 = Debug|Any CPU
		{F7D4BBBA-1A57-4A30-A8BD-EAA8947BEE00}.Release|Any CPU.ActiveCfg = Release|Any CPU
		{F7D4BBBA-1A57-4A30-A8BD-EAA8947BEE00}.Release|Any CPU.Build.0 = Release|Any CPU
	EndGlobalSection
	GlobalSection(SolutionProperties) = preSolution
		HideSolutionNode = FALSE
	EndGlobalSection
	GlobalSection(ExtensibilityGlobals) = postSolution
		SolutionGuid = {C8D5A054-7ED8-4537-B165-9A34B5B991F0}
	EndGlobalSection
EndGlobal
