
Microsoft Visual Studio Solution File, Format Version 12.00
# Visual Studio Version 16
VisualStudioVersion = 16.0.29230.47
MinimumVisualStudioVersion = 10.0.40219.1
Project("{9A19103F-16F7-4668-BE54-9A1E7A4F7556}") = "抄书的一些代码", "ConsoleApp1\抄书的一些代码.csproj", "{747184BC-F528-4DE1-A24D-E66F5BF2E126}"
EndProject
Project("{9A19103F-16F7-4668-BE54-9A1E7A4F7556}") = "namespace的相关练习", "namespace的相关练习\namespace的相关练习.csproj", "{033F70E6-736A-4490-8B08-FA11F7773F0A}"
EndProject
Project("{9A19103F-16F7-4668-BE54-9A1E7A4F7556}") = "多个main方法", "多个main方法\多个main方法.csproj", "{DAF9F63C-18C6-4815-A315-FB2445786196}"
EndProject
Project("{9A19103F-16F7-4668-BE54-9A1E7A4F7556}") = "控制台练习", "控制台练习\控制台练习.csproj", "{ADB2AA63-5434-4698-964D-1353C489B7F4}"
EndProject
Project("{9A19103F-16F7-4668-BE54-9A1E7A4F7556}") = "预处理器指令", "预处理器指令\预处理器指令.csproj", "{5313397F-E41B-427F-9C70-F2B2529E9DB5}"
EndProject
Project("{9A19103F-16F7-4668-BE54-9A1E7A4F7556}") = "类和结构", "类和结构\类和结构.csproj", "{84377335-D4E6-4004-8E02-4A0120346EB2}"
EndProject
Project("{9A19103F-16F7-4668-BE54-9A1E7A4F7556}") = "构造函数", "构造函数\构造函数.csproj", "{5DEE6405-6558-44F8-85C5-5F0BF6390AC4}"
EndProject
Project("{9A19103F-16F7-4668-BE54-9A1E7A4F7556}") = "弱引用", "弱引用\弱引用.csproj", "{FDBCD574-B8C2-48B2-AB51-924685DCDFD9}"
EndProject
Project("{9A19103F-16F7-4668-BE54-9A1E7A4F7556}") = "重写tostring（）", "重写tostring（）\重写tostring（）.csproj", "{57FBB6D9-AC7A-4D91-93DD-8642C1AB2C8B}"
EndProject
Project("{9A19103F-16F7-4668-BE54-9A1E7A4F7556}") = "继承", "继承\继承.csproj", "{1382DE25-FC27-4B9E-AAFF-5685C85CB30C}"
EndProject
Project("{9A19103F-16F7-4668-BE54-9A1E7A4F7556}") = "接口", "接口\接口.csproj", "{63802331-C465-4A97-8E66-20CA078620CB}"
EndProject
Project("{9A19103F-16F7-4668-BE54-9A1E7A4F7556}") = "泛型", "泛型\泛型.csproj", "{1307BFC1-C3B2-418E-9832-CD403F1343E8}"
EndProject
Project("{9A19103F-16F7-4668-BE54-9A1E7A4F7556}") = "泛型文档管理器", "泛型文档管理器\泛型文档管理器.csproj", "{6321B1B2-E89D-4C77-B799-EBC1CE94F224}"
EndProject
Project("{9A19103F-16F7-4668-BE54-9A1E7A4F7556}") = "泛型的继承", "泛型的继承\泛型的继承.csproj", "{E4BFA858-2AF0-49EA-9DB6-A2B53D494591}"
EndProject
Project("{9A19103F-16F7-4668-BE54-9A1E7A4F7556}") = "泛型接口", "泛型接口\泛型接口.csproj", "{A90FA96D-32E8-4FD6-A059-A90F27BF5533}"
EndProject
Project("{9A19103F-16F7-4668-BE54-9A1E7A4F7556}") = "泛型结构", "泛型结构\泛型结构.csproj", "{9B4B2923-70CD-4712-A6D4-8CF184201118}"
EndProject
Project("{9A19103F-16F7-4668-BE54-9A1E7A4F7556}") = "泛型方法", "泛型方法\泛型方法.csproj", "{DD0AC0D1-5022-46E5-88A7-4CD7CE660388}"
EndProject
Project("{9A19103F-16F7-4668-BE54-9A1E7A4F7556}") = "数组", "数组\数组.csproj", "{2DC0B7AC-F032-4FDC-9C4A-1595782C32FB}"
EndProject
Project("{FAE04EC0-301F-11D3-BF4B-00C04F79EFBC}") = "元组", "元组\元组.csproj", "{94AFA0EF-3B5B-4977-8E00-B172D3B838EC}"
EndProject
Global
	GlobalSection(SolutionConfigurationPlatforms) = preSolution
		Debug|Any CPU = Debug|Any CPU
		Release|Any CPU = Release|Any CPU
	EndGlobalSection
	GlobalSection(ProjectConfigurationPlatforms) = postSolution
		{747184BC-F528-4DE1-A24D-E66F5BF2E126}.Debug|Any CPU.ActiveCfg = Debug|Any CPU
		{747184BC-F528-4DE1-A24D-E66F5BF2E126}.Debug|Any CPU.Build.0 = Debug|Any CPU
		{747184BC-F528-4DE1-A24D-E66F5BF2E126}.Release|Any CPU.ActiveCfg = Release|Any CPU
		{747184BC-F528-4DE1-A24D-E66F5BF2E126}.Release|Any CPU.Build.0 = Release|Any CPU
		{033F70E6-736A-4490-8B08-FA11F7773F0A}.Debug|Any CPU.ActiveCfg = Debug|Any CPU
		{033F70E6-736A-4490-8B08-FA11F7773F0A}.Debug|Any CPU.Build.0 = Debug|Any CPU
		{033F70E6-736A-4490-8B08-FA11F7773F0A}.Release|Any CPU.ActiveCfg = Release|Any CPU
		{033F70E6-736A-4490-8B08-FA11F7773F0A}.Release|Any CPU.Build.0 = Release|Any CPU
		{DAF9F63C-18C6-4815-A315-FB2445786196}.Debug|Any CPU.ActiveCfg = Debug|Any CPU
		{DAF9F63C-18C6-4815-A315-FB2445786196}.Debug|Any CPU.Build.0 = Debug|Any CPU
		{DAF9F63C-18C6-4815-A315-FB2445786196}.Release|Any CPU.ActiveCfg = Release|Any CPU
		{DAF9F63C-18C6-4815-A315-FB2445786196}.Release|Any CPU.Build.0 = Release|Any CPU
		{ADB2AA63-5434-4698-964D-1353C489B7F4}.Debug|Any CPU.ActiveCfg = Debug|Any CPU
		{ADB2AA63-5434-4698-964D-1353C489B7F4}.Debug|Any CPU.Build.0 = Debug|Any CPU
		{ADB2AA63-5434-4698-964D-1353C489B7F4}.Release|Any CPU.ActiveCfg = Release|Any CPU
		{ADB2AA63-5434-4698-964D-1353C489B7F4}.Release|Any CPU.Build.0 = Release|Any CPU
		{5313397F-E41B-427F-9C70-F2B2529E9DB5}.Debug|Any CPU.ActiveCfg = Debug|Any CPU
		{5313397F-E41B-427F-9C70-F2B2529E9DB5}.Debug|Any CPU.Build.0 = Debug|Any CPU
		{5313397F-E41B-427F-9C70-F2B2529E9DB5}.Release|Any CPU.ActiveCfg = Release|Any CPU
		{5313397F-E41B-427F-9C70-F2B2529E9DB5}.Release|Any CPU.Build.0 = Release|Any CPU
		{84377335-D4E6-4004-8E02-4A0120346EB2}.Debug|Any CPU.ActiveCfg = Debug|Any CPU
		{84377335-D4E6-4004-8E02-4A0120346EB2}.Debug|Any CPU.Build.0 = Debug|Any CPU
		{84377335-D4E6-4004-8E02-4A0120346EB2}.Release|Any CPU.ActiveCfg = Release|Any CPU
		{84377335-D4E6-4004-8E02-4A0120346EB2}.Release|Any CPU.Build.0 = Release|Any CPU
		{5DEE6405-6558-44F8-85C5-5F0BF6390AC4}.Debug|Any CPU.ActiveCfg = Debug|Any CPU
		{5DEE6405-6558-44F8-85C5-5F0BF6390AC4}.Debug|Any CPU.Build.0 = Debug|Any CPU
		{5DEE6405-6558-44F8-85C5-5F0BF6390AC4}.Release|Any CPU.ActiveCfg = Release|Any CPU
		{5DEE6405-6558-44F8-85C5-5F0BF6390AC4}.Release|Any CPU.Build.0 = Release|Any CPU
		{FDBCD574-B8C2-48B2-AB51-924685DCDFD9}.Debug|Any CPU.ActiveCfg = Debug|Any CPU
		{FDBCD574-B8C2-48B2-AB51-924685DCDFD9}.Debug|Any CPU.Build.0 = Debug|Any CPU
		{FDBCD574-B8C2-48B2-AB51-924685DCDFD9}.Release|Any CPU.ActiveCfg = Release|Any CPU
		{FDBCD574-B8C2-48B2-AB51-924685DCDFD9}.Release|Any CPU.Build.0 = Release|Any CPU
		{57FBB6D9-AC7A-4D91-93DD-8642C1AB2C8B}.Debug|Any CPU.ActiveCfg = Debug|Any CPU
		{57FBB6D9-AC7A-4D91-93DD-8642C1AB2C8B}.Debug|Any CPU.Build.0 = Debug|Any CPU
		{57FBB6D9-AC7A-4D91-93DD-8642C1AB2C8B}.Release|Any CPU.ActiveCfg = Release|Any CPU
		{57FBB6D9-AC7A-4D91-93DD-8642C1AB2C8B}.Release|Any CPU.Build.0 = Release|Any CPU
		{1382DE25-FC27-4B9E-AAFF-5685C85CB30C}.Debug|Any CPU.ActiveCfg = Debug|Any CPU
		{1382DE25-FC27-4B9E-AAFF-5685C85CB30C}.Debug|Any CPU.Build.0 = Debug|Any CPU
		{1382DE25-FC27-4B9E-AAFF-5685C85CB30C}.Release|Any CPU.ActiveCfg = Release|Any CPU
		{1382DE25-FC27-4B9E-AAFF-5685C85CB30C}.Release|Any CPU.Build.0 = Release|Any CPU
		{63802331-C465-4A97-8E66-20CA078620CB}.Debug|Any CPU.ActiveCfg = Debug|Any CPU
		{63802331-C465-4A97-8E66-20CA078620CB}.Debug|Any CPU.Build.0 = Debug|Any CPU
		{63802331-C465-4A97-8E66-20CA078620CB}.Release|Any CPU.ActiveCfg = Release|Any CPU
		{63802331-C465-4A97-8E66-20CA078620CB}.Release|Any CPU.Build.0 = Release|Any CPU
		{1307BFC1-C3B2-418E-9832-CD403F1343E8}.Debug|Any CPU.ActiveCfg = Debug|Any CPU
		{1307BFC1-C3B2-418E-9832-CD403F1343E8}.Debug|Any CPU.Build.0 = Debug|Any CPU
		{1307BFC1-C3B2-418E-9832-CD403F1343E8}.Release|Any CPU.ActiveCfg = Release|Any CPU
		{1307BFC1-C3B2-418E-9832-CD403F1343E8}.Release|Any CPU.Build.0 = Release|Any CPU
		{6321B1B2-E89D-4C77-B799-EBC1CE94F224}.Debug|Any CPU.ActiveCfg = Debug|Any CPU
		{6321B1B2-E89D-4C77-B799-EBC1CE94F224}.Debug|Any CPU.Build.0 = Debug|Any CPU
		{6321B1B2-E89D-4C77-B799-EBC1CE94F224}.Release|Any CPU.ActiveCfg = Release|Any CPU
		{6321B1B2-E89D-4C77-B799-EBC1CE94F224}.Release|Any CPU.Build.0 = Release|Any CPU
		{E4BFA858-2AF0-49EA-9DB6-A2B53D494591}.Debug|Any CPU.ActiveCfg = Debug|Any CPU
		{E4BFA858-2AF0-49EA-9DB6-A2B53D494591}.Debug|Any CPU.Build.0 = Debug|Any CPU
		{E4BFA858-2AF0-49EA-9DB6-A2B53D494591}.Release|Any CPU.ActiveCfg = Release|Any CPU
		{E4BFA858-2AF0-49EA-9DB6-A2B53D494591}.Release|Any CPU.Build.0 = Release|Any CPU
		{A90FA96D-32E8-4FD6-A059-A90F27BF5533}.Debug|Any CPU.ActiveCfg = Debug|Any CPU
		{A90FA96D-32E8-4FD6-A059-A90F27BF5533}.Debug|Any CPU.Build.0 = Debug|Any CPU
		{A90FA96D-32E8-4FD6-A059-A90F27BF5533}.Release|Any CPU.ActiveCfg = Release|Any CPU
		{A90FA96D-32E8-4FD6-A059-A90F27BF5533}.Release|Any CPU.Build.0 = Release|Any CPU
		{9B4B2923-70CD-4712-A6D4-8CF184201118}.Debug|Any CPU.ActiveCfg = Debug|Any CPU
		{9B4B2923-70CD-4712-A6D4-8CF184201118}.Debug|Any CPU.Build.0 = Debug|Any CPU
		{9B4B2923-70CD-4712-A6D4-8CF184201118}.Release|Any CPU.ActiveCfg = Release|Any CPU
		{9B4B2923-70CD-4712-A6D4-8CF184201118}.Release|Any CPU.Build.0 = Release|Any CPU
		{DD0AC0D1-5022-46E5-88A7-4CD7CE660388}.Debug|Any CPU.ActiveCfg = Debug|Any CPU
		{DD0AC0D1-5022-46E5-88A7-4CD7CE660388}.Debug|Any CPU.Build.0 = Debug|Any CPU
		{DD0AC0D1-5022-46E5-88A7-4CD7CE660388}.Release|Any CPU.ActiveCfg = Release|Any CPU
		{DD0AC0D1-5022-46E5-88A7-4CD7CE660388}.Release|Any CPU.Build.0 = Release|Any CPU
		{2DC0B7AC-F032-4FDC-9C4A-1595782C32FB}.Debug|Any CPU.ActiveCfg = Debug|Any CPU
		{2DC0B7AC-F032-4FDC-9C4A-1595782C32FB}.Debug|Any CPU.Build.0 = Debug|Any CPU
		{2DC0B7AC-F032-4FDC-9C4A-1595782C32FB}.Release|Any CPU.ActiveCfg = Release|Any CPU
		{2DC0B7AC-F032-4FDC-9C4A-1595782C32FB}.Release|Any CPU.Build.0 = Release|Any CPU
		{94AFA0EF-3B5B-4977-8E00-B172D3B838EC}.Debug|Any CPU.ActiveCfg = Debug|Any CPU
		{94AFA0EF-3B5B-4977-8E00-B172D3B838EC}.Debug|Any CPU.Build.0 = Debug|Any CPU
		{94AFA0EF-3B5B-4977-8E00-B172D3B838EC}.Release|Any CPU.ActiveCfg = Release|Any CPU
		{94AFA0EF-3B5B-4977-8E00-B172D3B838EC}.Release|Any CPU.Build.0 = Release|Any CPU
	EndGlobalSection
	GlobalSection(SolutionProperties) = preSolution
		HideSolutionNode = FALSE
	EndGlobalSection
	GlobalSection(ExtensibilityGlobals) = postSolution
		SolutionGuid = {280488BC-EB73-4ADD-9DC1-50F9119F5257}
	EndGlobalSection
EndGlobal
