
Microsoft Visual Studio Solution File, Format Version 12.00
# Visual Studio Version 16
VisualStudioVersion = 16.0.29418.71
MinimumVisualStudioVersion = 10.0.40219.1
Project("{FAE04EC0-301F-11D3-BF4B-00C04F79EFBC}") = "异步编程Z", "异步编程Z\异步编程Z.csproj", "{7E60D45A-DFAD-47E0-934C-21A8F152C23F}"
EndProject
Project("{FAE04EC0-301F-11D3-BF4B-00C04F79EFBC}") = "错误处理", "错误处理\错误处理.csproj", "{57E9F55A-70B3-45CE-814E-3D836AE87588}"
EndProject
Global
	GlobalSection(SolutionConfigurationPlatforms) = preSolution
		Debug|Any CPU = Debug|Any CPU
		Release|Any CPU = Release|Any CPU
	EndGlobalSection
	GlobalSection(ProjectConfigurationPlatforms) = postSolution
		{7E60D45A-DFAD-47E0-934C-21A8F152C23F}.Debug|Any CPU.ActiveCfg = Debug|Any CPU
		{7E60D45A-DFAD-47E0-934C-21A8F152C23F}.Debug|Any CPU.Build.0 = Debug|Any CPU
		{7E60D45A-DFAD-47E0-934C-21A8F152C23F}.Release|Any CPU.ActiveCfg = Release|Any CPU
		{7E60D45A-DFAD-47E0-934C-21A8F152C23F}.Release|Any CPU.Build.0 = Release|Any CPU
		{57E9F55A-70B3-45CE-814E-3D836AE87588}.Debug|Any CPU.ActiveCfg = Debug|Any CPU
		{57E9F55A-70B3-45CE-814E-3D836AE87588}.Debug|Any CPU.Build.0 = Debug|Any CPU
		{57E9F55A-70B3-45CE-814E-3D836AE87588}.Release|Any CPU.ActiveCfg = Release|Any CPU
		{57E9F55A-70B3-45CE-814E-3D836AE87588}.Release|Any CPU.Build.0 = Release|Any CPU
	EndGlobalSection
	GlobalSection(SolutionProperties) = preSolution
		HideSolutionNode = FALSE
	EndGlobalSection
	GlobalSection(ExtensibilityGlobals) = postSolution
		SolutionGuid = {ECB1E909-30F5-40C4-ADF0-22C19D674F59}
	EndGlobalSection
EndGlobal
